// !$*UTF8*$!
{
	archiveVersion = 1;
	classes = {
	};
	objectVersion = 77;
	objects = {

/* Begin PBXBuildFile section */
		1ACF8E472D7CDD5600626E97 /* Diceroller Watch Watch App.app in Embed Watch Content */ = {isa = PBXBuildFile; fileRef = 1ACF8E242D7CDD5500626E97 /* Diceroller Watch Watch App.app */; settings = {ATTRIBUTES = (RemoveHeadersOnCopy, ); }; };
/* End PBXBuildFile section */

/* Begin PBXContainerItemProxy section */
		1ACF8E012D7C870700626E97 /* PBXContainerItemProxy */ = {
			isa = PBXContainerItemProxy;
			containerPortal = 1ACF8DE82D7C870500626E97 /* Project object */;
			proxyType = 1;
			remoteGlobalIDString = 1ACF8DEF2D7C870500626E97;
			remoteInfo = Diceroller;
		};
		1ACF8E0B2D7C870700626E97 /* PBXContainerItemProxy */ = {
			isa = PBXContainerItemProxy;
			containerPortal = 1ACF8DE82D7C870500626E97 /* Project object */;
			proxyType = 1;
			remoteGlobalIDString = 1ACF8DEF2D7C870500626E97;
			remoteInfo = Diceroller;
		};
		1ACF8E342D7CDD5600626E97 /* PBXContainerItemProxy */ = {
			isa = PBXContainerItemProxy;
			containerPortal = 1ACF8DE82D7C870500626E97 /* Project object */;
			proxyType = 1;
			remoteGlobalIDString = 1ACF8E232D7CDD5500626E97;
			remoteInfo = "Diceroller Watch Watch App";
		};
		1ACF8E3E2D7CDD5600626E97 /* PBXContainerItemProxy */ = {
			isa = PBXContainerItemProxy;
			containerPortal = 1ACF8DE82D7C870500626E97 /* Project object */;
			proxyType = 1;
			remoteGlobalIDString = 1ACF8E232D7CDD5500626E97;
			remoteInfo = "Diceroller Watch Watch App";
		};
		1ACF8E452D7CDD5600626E97 /* PBXContainerItemProxy */ = {
			isa = PBXContainerItemProxy;
			containerPortal = 1ACF8DE82D7C870500626E97 /* Project object */;
			proxyType = 1;
			remoteGlobalIDString = 1ACF8E232D7CDD5500626E97;
			remoteInfo = "Diceroller Watch Watch App";
		};
/* End PBXContainerItemProxy section */

/* Begin PBXCopyFilesBuildPhase section */
		1ACF8E4B2D7CDD5600626E97 /* Embed Watch Content */ = {
			isa = PBXCopyFilesBuildPhase;
			buildActionMask = 2147483647;
			dstPath = "$(CONTENTS_FOLDER_PATH)/Watch";
			dstSubfolderSpec = 16;
			files = (
				1ACF8E472D7CDD5600626E97 /* Diceroller Watch Watch App.app in Embed Watch Content */,
			);
			name = "Embed Watch Content";
			runOnlyForDeploymentPostprocessing = 0;
		};
/* End PBXCopyFilesBuildPhase section */

/* Begin PBXFileReference section */
		1ACF8DF02D7C870500626E97 /* Diceroller.app */ = {isa = PBXFileReference; explicitFileType = wrapper.application; includeInIndex = 0; path = Diceroller.app; sourceTree = BUILT_PRODUCTS_DIR; };
		1ACF8E002D7C870700626E97 /* DicerollerTests.xctest */ = {isa = PBXFileReference; explicitFileType = wrapper.cfbundle; includeInIndex = 0; path = DicerollerTests.xctest; sourceTree = BUILT_PRODUCTS_DIR; };
		1ACF8E0A2D7C870700626E97 /* DicerollerUITests.xctest */ = {isa = PBXFileReference; explicitFileType = wrapper.cfbundle; includeInIndex = 0; path = DicerollerUITests.xctest; sourceTree = BUILT_PRODUCTS_DIR; };
		1ACF8E242D7CDD5500626E97 /* Diceroller Watch Watch App.app */ = {isa = PBXFileReference; explicitFileType = wrapper.application; includeInIndex = 0; path = "Diceroller Watch Watch App.app"; sourceTree = BUILT_PRODUCTS_DIR; };
		1ACF8E332D7CDD5600626E97 /* Diceroller Watch Watch AppTests.xctest */ = {isa = PBXFileReference; explicitFileType = wrapper.cfbundle; includeInIndex = 0; path = "Diceroller Watch Watch AppTests.xctest"; sourceTree = BUILT_PRODUCTS_DIR; };
		1ACF8E3D2D7CDD5600626E97 /* Diceroller Watch Watch AppUITests.xctest */ = {isa = PBXFileReference; explicitFileType = wrapper.cfbundle; includeInIndex = 0; path = "Diceroller Watch Watch AppUITests.xctest"; sourceTree = BUILT_PRODUCTS_DIR; };
/* End PBXFileReference section */

/* Begin PBXFileSystemSynchronizedRootGroup section */
		1ACF8DF22D7C870500626E97 /* Diceroller */ = {
			isa = PBXFileSystemSynchronizedRootGroup;
			path = Diceroller;
			sourceTree = "<group>";
		};
		1ACF8E032D7C870700626E97 /* DicerollerTests */ = {
			isa = PBXFileSystemSynchronizedRootGroup;
			path = DicerollerTests;
			sourceTree = "<group>";
		};
		1ACF8E0D2D7C870700626E97 /* DicerollerUITests */ = {
			isa = PBXFileSystemSynchronizedRootGroup;
			path = DicerollerUITests;
			sourceTree = "<group>";
		};
		1ACF8E252D7CDD5500626E97 /* Diceroller Watch Watch App */ = {
			isa = PBXFileSystemSynchronizedRootGroup;
			path = "Diceroller Watch Watch App";
			sourceTree = "<group>";
		};
		1ACF8E362D7CDD5600626E97 /* Diceroller Watch Watch AppTests */ = {
			isa = PBXFileSystemSynchronizedRootGroup;
			path = "Diceroller Watch Watch AppTests";
			sourceTree = "<group>";
		};
		1ACF8E402D7CDD5600626E97 /* Diceroller Watch Watch AppUITests */ = {
			isa = PBXFileSystemSynchronizedRootGroup;
			path = "Diceroller Watch Watch AppUITests";
			sourceTree = "<group>";
		};
/* End PBXFileSystemSynchronizedRootGroup section */

/* Begin PBXFrameworksBuildPhase section */
		1ACF8DED2D7C870500626E97 /* Frameworks */ = {
			isa = PBXFrameworksBuildPhase;
			buildActionMask = 2147483647;
			files = (
			);
			runOnlyForDeploymentPostprocessing = 0;
		};
		1ACF8DFD2D7C870700626E97 /* Frameworks */ = {
			isa = PBXFrameworksBuildPhase;
			buildActionMask = 2147483647;
			files = (
			);
			runOnlyForDeploymentPostprocessing = 0;
		};
		1ACF8E072D7C870700626E97 /* Frameworks */ = {
			isa = PBXFrameworksBuildPhase;
			buildActionMask = 2147483647;
			files = (
			);
			runOnlyForDeploymentPostprocessing = 0;
		};
		1ACF8E212D7CDD5500626E97 /* Frameworks */ = {
			isa = PBXFrameworksBuildPhase;
			buildActionMask = 2147483647;
			files = (
			);
			runOnlyForDeploymentPostprocessing = 0;
		};
		1ACF8E302D7CDD5600626E97 /* Frameworks */ = {
			isa = PBXFrameworksBuildPhase;
			buildActionMask = 2147483647;
			files = (
			);
			runOnlyForDeploymentPostprocessing = 0;
		};
		1ACF8E3A2D7CDD5600626E97 /* Frameworks */ = {
			isa = PBXFrameworksBuildPhase;
			buildActionMask = 2147483647;
			files = (
			);
			runOnlyForDeploymentPostprocessing = 0;
		};
/* End PBXFrameworksBuildPhase section */

/* Begin PBXGroup section */
		1ACF8DE72D7C870500626E97 = {
			isa = PBXGroup;
			children = (
				1ACF8DF22D7C870500626E97 /* Diceroller */,
				1ACF8E032D7C870700626E97 /* DicerollerTests */,
				1ACF8E0D2D7C870700626E97 /* DicerollerUITests */,
				1ACF8E252D7CDD5500626E97 /* Diceroller Watch Watch App */,
				1ACF8E362D7CDD5600626E97 /* Diceroller Watch Watch AppTests */,
				1ACF8E402D7CDD5600626E97 /* Diceroller Watch Watch AppUITests */,
				1ACF8DF12D7C870500626E97 /* Products */,
			);
			sourceTree = "<group>";
		};
		1ACF8DF12D7C870500626E97 /* Products */ = {
			isa = PBXGroup;
			children = (
				1ACF8DF02D7C870500626E97 /* Diceroller.app */,
				1ACF8E002D7C870700626E97 /* DicerollerTests.xctest */,
				1ACF8E0A2D7C870700626E97 /* DicerollerUITests.xctest */,
				1ACF8E242D7CDD5500626E97 /* Diceroller Watch Watch App.app */,
				1ACF8E332D7CDD5600626E97 /* Diceroller Watch Watch AppTests.xctest */,
				1ACF8E3D2D7CDD5600626E97 /* Diceroller Watch Watch AppUITests.xctest */,
			);
			name = Products;
			sourceTree = "<group>";
		};
/* End PBXGroup section */

/* Begin PBXNativeTarget section */
		1ACF8DEF2D7C870500626E97 /* Diceroller */ = {
			isa = PBXNativeTarget;
			buildConfigurationList = 1ACF8E142D7C870700626E97 /* Build configuration list for PBXNativeTarget "Diceroller" */;
			buildPhases = (
				1ACF8DEC2D7C870500626E97 /* Sources */,
				1ACF8DED2D7C870500626E97 /* Frameworks */,
				1ACF8DEE2D7C870500626E97 /* Resources */,
				1ACF8E4B2D7CDD5600626E97 /* Embed Watch Content */,
			);
			buildRules = (
			);
			dependencies = (
				1ACF8E462D7CDD5600626E97 /* PBXTargetDependency */,
			);
			fileSystemSynchronizedGroups = (
				1ACF8DF22D7C870500626E97 /* Diceroller */,
			);
			name = Diceroller;
			packageProductDependencies = (
			);
			productName = Diceroller;
			productReference = 1ACF8DF02D7C870500626E97 /* Diceroller.app */;
			productType = "com.apple.product-type.application";
		};
		1ACF8DFF2D7C870700626E97 /* DicerollerTests */ = {
			isa = PBXNativeTarget;
			buildConfigurationList = 1ACF8E172D7C870700626E97 /* Build configuration list for PBXNativeTarget "DicerollerTests" */;
			buildPhases = (
				1ACF8DFC2D7C870700626E97 /* Sources */,
				1ACF8DFD2D7C870700626E97 /* Frameworks */,
				1ACF8DFE2D7C870700626E97 /* Resources */,
			);
			buildRules = (
			);
			dependencies = (
				1ACF8E022D7C870700626E97 /* PBXTargetDependency */,
			);
			fileSystemSynchronizedGroups = (
				1ACF8E032D7C870700626E97 /* DicerollerTests */,
			);
			name = DicerollerTests;
			packageProductDependencies = (
			);
			productName = DicerollerTests;
			productReference = 1ACF8E002D7C870700626E97 /* DicerollerTests.xctest */;
			productType = "com.apple.product-type.bundle.unit-test";
		};
		1ACF8E092D7C870700626E97 /* DicerollerUITests */ = {
			isa = PBXNativeTarget;
			buildConfigurationList = 1ACF8E1A2D7C870700626E97 /* Build configuration list for PBXNativeTarget "DicerollerUITests" */;
			buildPhases = (
				1ACF8E062D7C870700626E97 /* Sources */,
				1ACF8E072D7C870700626E97 /* Frameworks */,
				1ACF8E082D7C870700626E97 /* Resources */,
			);
			buildRules = (
			);
			dependencies = (
				1ACF8E0C2D7C870700626E97 /* PBXTargetDependency */,
			);
			fileSystemSynchronizedGroups = (
				1ACF8E0D2D7C870700626E97 /* DicerollerUITests */,
			);
			name = DicerollerUITests;
			packageProductDependencies = (
			);
			productName = DicerollerUITests;
			productReference = 1ACF8E0A2D7C870700626E97 /* DicerollerUITests.xctest */;
			productType = "com.apple.product-type.bundle.ui-testing";
		};
		1ACF8E232D7CDD5500626E97 /* Diceroller Watch Watch App */ = {
			isa = PBXNativeTarget;
			buildConfigurationList = 1ACF8E482D7CDD5600626E97 /* Build configuration list for PBXNativeTarget "Diceroller Watch Watch App" */;
			buildPhases = (
				1ACF8E202D7CDD5500626E97 /* Sources */,
				1ACF8E212D7CDD5500626E97 /* Frameworks */,
				1ACF8E222D7CDD5500626E97 /* Resources */,
			);
			buildRules = (
			);
			dependencies = (
			);
			fileSystemSynchronizedGroups = (
				1ACF8E252D7CDD5500626E97 /* Diceroller Watch Watch App */,
			);
			name = "Diceroller Watch Watch App";
			packageProductDependencies = (
			);
			productName = "Diceroller Watch Watch App";
			productReference = 1ACF8E242D7CDD5500626E97 /* Diceroller Watch Watch App.app */;
			productType = "com.apple.product-type.application";
		};
		1ACF8E322D7CDD5600626E97 /* Diceroller Watch Watch AppTests */ = {
			isa = PBXNativeTarget;
			buildConfigurationList = 1ACF8E4C2D7CDD5600626E97 /* Build configuration list for PBXNativeTarget "Diceroller Watch Watch AppTests" */;
			buildPhases = (
				1ACF8E2F2D7CDD5600626E97 /* Sources */,
				1ACF8E302D7CDD5600626E97 /* Frameworks */,
				1ACF8E312D7CDD5600626E97 /* Resources */,
			);
			buildRules = (
			);
			dependencies = (
				1ACF8E352D7CDD5600626E97 /* PBXTargetDependency */,
			);
			fileSystemSynchronizedGroups = (
				1ACF8E362D7CDD5600626E97 /* Diceroller Watch Watch AppTests */,
			);
			name = "Diceroller Watch Watch AppTests";
			packageProductDependencies = (
			);
			productName = "Diceroller Watch Watch AppTests";
			productReference = 1ACF8E332D7CDD5600626E97 /* Diceroller Watch Watch AppTests.xctest */;
			productType = "com.apple.product-type.bundle.unit-test";
		};
		1ACF8E3C2D7CDD5600626E97 /* Diceroller Watch Watch AppUITests */ = {
			isa = PBXNativeTarget;
			buildConfigurationList = 1ACF8E4F2D7CDD5600626E97 /* Build configuration list for PBXNativeTarget "Diceroller Watch Watch AppUITests" */;
			buildPhases = (
				1ACF8E392D7CDD5600626E97 /* Sources */,
				1ACF8E3A2D7CDD5600626E97 /* Frameworks */,
				1ACF8E3B2D7CDD5600626E97 /* Resources */,
			);
			buildRules = (
			);
			dependencies = (
				1ACF8E3F2D7CDD5600626E97 /* PBXTargetDependency */,
			);
			fileSystemSynchronizedGroups = (
				1ACF8E402D7CDD5600626E97 /* Diceroller Watch Watch AppUITests */,
			);
			name = "Diceroller Watch Watch AppUITests";
			packageProductDependencies = (
			);
			productName = "Diceroller Watch Watch AppUITests";
			productReference = 1ACF8E3D2D7CDD5600626E97 /* Diceroller Watch Watch AppUITests.xctest */;
			productType = "com.apple.product-type.bundle.ui-testing";
		};
/* End PBXNativeTarget section */

/* Begin PBXProject section */
		1ACF8DE82D7C870500626E97 /* Project object */ = {
			isa = PBXProject;
			attributes = {
				BuildIndependentTargetsInParallel = 1;
				LastSwiftUpdateCheck = 1620;
				LastUpgradeCheck = 1620;
				TargetAttributes = {
					1ACF8DEF2D7C870500626E97 = {
						CreatedOnToolsVersion = 16.2;
					};
					1ACF8DFF2D7C870700626E97 = {
						CreatedOnToolsVersion = 16.2;
						TestTargetID = 1ACF8DEF2D7C870500626E97;
					};
					1ACF8E092D7C870700626E97 = {
						CreatedOnToolsVersion = 16.2;
						TestTargetID = 1ACF8DEF2D7C870500626E97;
					};
					1ACF8E232D7CDD5500626E97 = {
						CreatedOnToolsVersion = 16.2;
					};
					1ACF8E322D7CDD5600626E97 = {
						CreatedOnToolsVersion = 16.2;
						TestTargetID = 1ACF8E232D7CDD5500626E97;
					};
					1ACF8E3C2D7CDD5600626E97 = {
						CreatedOnToolsVersion = 16.2;
						TestTargetID = 1ACF8E232D7CDD5500626E97;
					};
				};
			};
			buildConfigurationList = 1ACF8DEB2D7C870500626E97 /* Build configuration list for PBXProject "Diceroller" */;
			developmentRegion = en;
			hasScannedForEncodings = 0;
			knownRegions = (
				en,
				Base,
			);
			mainGroup = 1ACF8DE72D7C870500626E97;
			minimizedProjectReferenceProxies = 1;
			preferredProjectObjectVersion = 77;
			productRefGroup = 1ACF8DF12D7C870500626E97 /* Products */;
			projectDirPath = "";
			projectRoot = "";
			targets = (
				1ACF8DEF2D7C870500626E97 /* Diceroller */,
				1ACF8DFF2D7C870700626E97 /* DicerollerTests */,
				1ACF8E092D7C870700626E97 /* DicerollerUITests */,
				1ACF8E232D7CDD5500626E97 /* Diceroller Watch Watch App */,
				1ACF8E322D7CDD5600626E97 /* Diceroller Watch Watch AppTests */,
				1ACF8E3C2D7CDD5600626E97 /* Diceroller Watch Watch AppUITests */,
			);
		};
/* End PBXProject section */

/* Begin PBXResourcesBuildPhase section */
		1ACF8DEE2D7C870500626E97 /* Resources */ = {
			isa = PBXResourcesBuildPhase;
			buildActionMask = 2147483647;
			files = (
			);
			runOnlyForDeploymentPostprocessing = 0;
		};
		1ACF8DFE2D7C870700626E97 /* Resources */ = {
			isa = PBXResourcesBuildPhase;
			buildActionMask = 2147483647;
			files = (
			);
			runOnlyForDeploymentPostprocessing = 0;
		};
		1ACF8E082D7C870700626E97 /* Resources */ = {
			isa = PBXResourcesBuildPhase;
			buildActionMask = 2147483647;
			files = (
			);
			runOnlyForDeploymentPostprocessing = 0;
		};
		1ACF8E222D7CDD5500626E97 /* Resources */ = {
			isa = PBXResourcesBuildPhase;
			buildActionMask = 2147483647;
			files = (
			);
			runOnlyForDeploymentPostprocessing = 0;
		};
		1ACF8E312D7CDD5600626E97 /* Resources */ = {
			isa = PBXResourcesBuildPhase;
			buildActionMask = 2147483647;
			files = (
			);
			runOnlyForDeploymentPostprocessing = 0;
		};
		1ACF8E3B2D7CDD5600626E97 /* Resources */ = {
			isa = PBXResourcesBuildPhase;
			buildActionMask = 2147483647;
			files = (
			);
			runOnlyForDeploymentPostprocessing = 0;
		};
/* End PBXResourcesBuildPhase section */

/* Begin PBXSourcesBuildPhase section */
		1ACF8DEC2D7C870500626E97 /* Sources */ = {
			isa = PBXSourcesBuildPhase;
			buildActionMask = 2147483647;
			files = (
			);
			runOnlyForDeploymentPostprocessing = 0;
		};
		1ACF8DFC2D7C870700626E97 /* Sources */ = {
			isa = PBXSourcesBuildPhase;
			buildActionMask = 2147483647;
			files = (
			);
			runOnlyForDeploymentPostprocessing = 0;
		};
		1ACF8E062D7C870700626E97 /* Sources */ = {
			isa = PBXSourcesBuildPhase;
			buildActionMask = 2147483647;
			files = (
			);
			runOnlyForDeploymentPostprocessing = 0;
		};
		1ACF8E202D7CDD5500626E97 /* Sources */ = {
			isa = PBXSourcesBuildPhase;
			buildActionMask = 2147483647;
			files = (
			);
			runOnlyForDeploymentPostprocessing = 0;
		};
		1ACF8E2F2D7CDD5600626E97 /* Sources */ = {
			isa = PBXSourcesBuildPhase;
			buildActionMask = 2147483647;
			files = (
			);
			runOnlyForDeploymentPostprocessing = 0;
		};
		1ACF8E392D7CDD5600626E97 /* Sources */ = {
			isa = PBXSourcesBuildPhase;
			buildActionMask = 2147483647;
			files = (
			);
			runOnlyForDeploymentPostprocessing = 0;
		};
/* End PBXSourcesBuildPhase section */

/* Begin PBXTargetDependency section */
		1ACF8E022D7C870700626E97 /* PBXTargetDependency */ = {
			isa = PBXTargetDependency;
			target = 1ACF8DEF2D7C870500626E97 /* Diceroller */;
			targetProxy = 1ACF8E012D7C870700626E97 /* PBXContainerItemProxy */;
		};
		1ACF8E0C2D7C870700626E97 /* PBXTargetDependency */ = {
			isa = PBXTargetDependency;
			target = 1ACF8DEF2D7C870500626E97 /* Diceroller */;
			targetProxy = 1ACF8E0B2D7C870700626E97 /* PBXContainerItemProxy */;
		};
		1ACF8E352D7CDD5600626E97 /* PBXTargetDependency */ = {
			isa = PBXTargetDependency;
			target = 1ACF8E232D7CDD5500626E97 /* Diceroller Watch Watch App */;
			targetProxy = 1ACF8E342D7CDD5600626E97 /* PBXContainerItemProxy */;
		};
		1ACF8E3F2D7CDD5600626E97 /* PBXTargetDependency */ = {
			isa = PBXTargetDependency;
			target = 1ACF8E232D7CDD5500626E97 /* Diceroller Watch Watch App */;
			targetProxy = 1ACF8E3E2D7CDD5600626E97 /* PBXContainerItemProxy */;
		};
		1ACF8E462D7CDD5600626E97 /* PBXTargetDependency */ = {
			isa = PBXTargetDependency;
			target = 1ACF8E232D7CDD5500626E97 /* Diceroller Watch Watch App */;
			targetProxy = 1ACF8E452D7CDD5600626E97 /* PBXContainerItemProxy */;
		};
/* End PBXTargetDependency section */

/* Begin XCBuildConfiguration section */
		1ACF8E122D7C870700626E97 /* Debug */ = {
			isa = XCBuildConfiguration;
			buildSettings = {
				ALWAYS_SEARCH_USER_PATHS = NO;
				ASSETCATALOG_COMPILER_GENERATE_SWIFT_ASSET_SYMBOL_EXTENSIONS = YES;
				CLANG_ANALYZER_NONNULL = YES;
				CLANG_ANALYZER_NUMBER_OBJECT_CONVERSION = YES_AGGRESSIVE;
				CLANG_CXX_LANGUAGE_STANDARD = "gnu++20";
				CLANG_ENABLE_MODULES = YES;
				CLANG_ENABLE_OBJC_ARC = YES;
				CLANG_ENABLE_OBJC_WEAK = YES;
				CLANG_WARN_BLOCK_CAPTURE_AUTORELEASING = YES;
				CLANG_WARN_BOOL_CONVERSION = YES;
				CLANG_WARN_COMMA = YES;
				CLANG_WARN_CONSTANT_CONVERSION = YES;
				CLANG_WARN_DEPRECATED_OBJC_IMPLEMENTATIONS = YES;
				CLANG_WARN_DIRECT_OBJC_ISA_USAGE = YES_ERROR;
				CLANG_WARN_DOCUMENTATION_COMMENTS = YES;
				CLANG_WARN_EMPTY_BODY = YES;
				CLANG_WARN_ENUM_CONVERSION = YES;
				CLANG_WARN_INFINITE_RECURSION = YES;
				CLANG_WARN_INT_CONVERSION = YES;
				CLANG_WARN_NON_LITERAL_NULL_CONVERSION = YES;
				CLANG_WARN_OBJC_IMPLICIT_RETAIN_SELF = YES;
				CLANG_WARN_OBJC_LITERAL_CONVERSION = YES;
				CLANG_WARN_OBJC_ROOT_CLASS = YES_ERROR;
				CLANG_WARN_QUOTED_INCLUDE_IN_FRAMEWORK_HEADER = YES;
				CLANG_WARN_RANGE_LOOP_ANALYSIS = YES;
				CLANG_WARN_STRICT_PROTOTYPES = YES;
				CLANG_WARN_SUSPICIOUS_MOVE = YES;
				CLANG_WARN_UNGUARDED_AVAILABILITY = YES_AGGRESSIVE;
				CLANG_WARN_UNREACHABLE_CODE = YES;
				CLANG_WARN__DUPLICATE_METHOD_MATCH = YES;
				COPY_PHASE_STRIP = NO;
				DEBUG_INFORMATION_FORMAT = dwarf;
				ENABLE_STRICT_OBJC_MSGSEND = YES;
				ENABLE_TESTABILITY = YES;
				ENABLE_USER_SCRIPT_SANDBOXING = YES;
				GCC_C_LANGUAGE_STANDARD = gnu17;
				GCC_DYNAMIC_NO_PIC = NO;
				GCC_NO_COMMON_BLOCKS = YES;
				GCC_OPTIMIZATION_LEVEL = 0;
				GCC_PREPROCESSOR_DEFINITIONS = (
					"DEBUG=1",
					"$(inherited)",
				);
				GCC_WARN_64_TO_32_BIT_CONVERSION = YES;
				GCC_WARN_ABOUT_RETURN_TYPE = YES_ERROR;
				GCC_WARN_UNDECLARED_SELECTOR = YES;
				GCC_WARN_UNINITIALIZED_AUTOS = YES_AGGRESSIVE;
				GCC_WARN_UNUSED_FUNCTION = YES;
				GCC_WARN_UNUSED_VARIABLE = YES;
				IPHONEOS_DEPLOYMENT_TARGET = 18.2;
				LOCALIZATION_PREFERS_STRING_CATALOGS = YES;
				MTL_ENABLE_DEBUG_INFO = INCLUDE_SOURCE;
				MTL_FAST_MATH = YES;
				ONLY_ACTIVE_ARCH = YES;
				SDKROOT = iphoneos;
				SWIFT_ACTIVE_COMPILATION_CONDITIONS = "DEBUG $(inherited)";
				SWIFT_OPTIMIZATION_LEVEL = "-Onone";
			};
			name = Debug;
		};
		1ACF8E132D7C870700626E97 /* Release */ = {
			isa = XCBuildConfiguration;
			buildSettings = {
				ALWAYS_SEARCH_USER_PATHS = NO;
				ASSETCATALOG_COMPILER_GENERATE_SWIFT_ASSET_SYMBOL_EXTENSIONS = YES;
				CLANG_ANALYZER_NONNULL = YES;
				CLANG_ANALYZER_NUMBER_OBJECT_CONVERSION = YES_AGGRESSIVE;
				CLANG_CXX_LANGUAGE_STANDARD = "gnu++20";
				CLANG_ENABLE_MODULES = YES;
				CLANG_ENABLE_OBJC_ARC = YES;
				CLANG_ENABLE_OBJC_WEAK = YES;
				CLANG_WARN_BLOCK_CAPTURE_AUTORELEASING = YES;
				CLANG_WARN_BOOL_CONVERSION = YES;
				CLANG_WARN_COMMA = YES;
				CLANG_WARN_CONSTANT_CONVERSION = YES;
				CLANG_WARN_DEPRECATED_OBJC_IMPLEMENTATIONS = YES;
				CLANG_WARN_DIRECT_OBJC_ISA_USAGE = YES_ERROR;
				CLANG_WARN_DOCUMENTATION_COMMENTS = YES;
				CLANG_WARN_EMPTY_BODY = YES;
				CLANG_WARN_ENUM_CONVERSION = YES;
				CLANG_WARN_INFINITE_RECURSION = YES;
				CLANG_WARN_INT_CONVERSION = YES;
				CLANG_WARN_NON_LITERAL_NULL_CONVERSION = YES;
				CLANG_WARN_OBJC_IMPLICIT_RETAIN_SELF = YES;
				CLANG_WARN_OBJC_LITERAL_CONVERSION = YES;
				CLANG_WARN_OBJC_ROOT_CLASS = YES_ERROR;
				CLANG_WARN_QUOTED_INCLUDE_IN_FRAMEWORK_HEADER = YES;
				CLANG_WARN_RANGE_LOOP_ANALYSIS = YES;
				CLANG_WARN_STRICT_PROTOTYPES = YES;
				CLANG_WARN_SUSPICIOUS_MOVE = YES;
				CLANG_WARN_UNGUARDED_AVAILABILITY = YES_AGGRESSIVE;
				CLANG_WARN_UNREACHABLE_CODE = YES;
				CLANG_WARN__DUPLICATE_METHOD_MATCH = YES;
				COPY_PHASE_STRIP = NO;
				DEBUG_INFORMATION_FORMAT = "dwarf-with-dsym";
				ENABLE_NS_ASSERTIONS = NO;
				ENABLE_STRICT_OBJC_MSGSEND = YES;
				ENABLE_USER_SCRIPT_SANDBOXING = YES;
				GCC_C_LANGUAGE_STANDARD = gnu17;
				GCC_NO_COMMON_BLOCKS = YES;
				GCC_WARN_64_TO_32_BIT_CONVERSION = YES;
				GCC_WARN_ABOUT_RETURN_TYPE = YES_ERROR;
				GCC_WARN_UNDECLARED_SELECTOR = YES;
				GCC_WARN_UNINITIALIZED_AUTOS = YES_AGGRESSIVE;
				GCC_WARN_UNUSED_FUNCTION = YES;
				GCC_WARN_UNUSED_VARIABLE = YES;
				IPHONEOS_DEPLOYMENT_TARGET = 18.2;
				LOCALIZATION_PREFERS_STRING_CATALOGS = YES;
				MTL_ENABLE_DEBUG_INFO = NO;
				MTL_FAST_MATH = YES;
				SDKROOT = iphoneos;
				SWIFT_COMPILATION_MODE = wholemodule;
				VALIDATE_PRODUCT = YES;
			};
			name = Release;
		};
		1ACF8E152D7C870700626E97 /* Debug */ = {
			isa = XCBuildConfiguration;
			buildSettings = {
				ASSETCATALOG_COMPILER_APPICON_NAME = AppIcon;
				ASSETCATALOG_COMPILER_GLOBAL_ACCENT_COLOR_NAME = AccentColor;
				CODE_SIGN_STYLE = Automatic;
				CURRENT_PROJECT_VERSION = 1;
				DEVELOPMENT_ASSET_PATHS = "\"Diceroller/Preview Content\"";
				DEVELOPMENT_TEAM = 89PR9JS5JX;
				ENABLE_PREVIEWS = YES;
				GENERATE_INFOPLIST_FILE = YES;
				INFOPLIST_KEY_UIApplicationSceneManifest_Generation = YES;
				INFOPLIST_KEY_UIApplicationSupportsIndirectInputEvents = YES;
				INFOPLIST_KEY_UILaunchScreen_Generation = YES;
				INFOPLIST_KEY_UISupportedInterfaceOrientations_iPad = "UIInterfaceOrientationPortrait UIInterfaceOrientationPortraitUpsideDown UIInterfaceOrientationLandscapeLeft UIInterfaceOrientationLandscapeRight";
				INFOPLIST_KEY_UISupportedInterfaceOrientations_iPhone = "UIInterfaceOrientationPortrait UIInterfaceOrientationLandscapeLeft UIInterfaceOrientationLandscapeRight";
				LD_RUNPATH_SEARCH_PATHS = (
					"$(inherited)",
					"@executable_path/Frameworks",
				);
				MARKETING_VERSION = 1.0;
				PRODUCT_BUNDLE_IDENTIFIER = com.jamesmcdonald.Diceroller;
				PRODUCT_NAME = "$(TARGET_NAME)";
				SWIFT_EMIT_LOC_STRINGS = YES;
				SWIFT_VERSION = 5.0;
				TARGETED_DEVICE_FAMILY = "1,2";
			};
			name = Debug;
		};
		1ACF8E162D7C870700626E97 /* Release */ = {
			isa = XCBuildConfiguration;
			buildSettings = {
				ASSETCATALOG_COMPILER_APPICON_NAME = AppIcon;
				ASSETCATALOG_COMPILER_GLOBAL_ACCENT_COLOR_NAME = AccentColor;
				CODE_SIGN_STYLE = Automatic;
				CURRENT_PROJECT_VERSION = 1;
				DEVELOPMENT_ASSET_PATHS = "\"Diceroller/Preview Content\"";
				DEVELOPMENT_TEAM = 89PR9JS5JX;
				ENABLE_PREVIEWS = YES;
				GENERATE_INFOPLIST_FILE = YES;
				INFOPLIST_KEY_UIApplicationSceneManifest_Generation = YES;
				INFOPLIST_KEY_UIApplicationSupportsIndirectInputEvents = YES;
				INFOPLIST_KEY_UILaunchScreen_Generation = YES;
				INFOPLIST_KEY_UISupportedInterfaceOrientations_iPad = "UIInterfaceOrientationPortrait UIInterfaceOrientationPortraitUpsideDown UIInterfaceOrientationLandscapeLeft UIInterfaceOrientationLandscapeRight";
				INFOPLIST_KEY_UISupportedInterfaceOrientations_iPhone = "UIInterfaceOrientationPortrait UIInterfaceOrientationLandscapeLeft UIInterfaceOrientationLandscapeRight";
				LD_RUNPATH_SEARCH_PATHS = (
					"$(inherited)",
					"@executable_path/Frameworks",
				);
				MARKETING_VERSION = 1.0;
				PRODUCT_BUNDLE_IDENTIFIER = com.jamesmcdonald.Diceroller;
				PRODUCT_NAME = "$(TARGET_NAME)";
				SWIFT_EMIT_LOC_STRINGS = YES;
				SWIFT_VERSION = 5.0;
				TARGETED_DEVICE_FAMILY = "1,2";
			};
			name = Release;
		};
		1ACF8E182D7C870700626E97 /* Debug */ = {
			isa = XCBuildConfiguration;
			buildSettings = {
				BUNDLE_LOADER = "$(TEST_HOST)";
				CODE_SIGN_STYLE = Automatic;
				CURRENT_PROJECT_VERSION = 1;
				DEVELOPMENT_TEAM = 89PR9JS5JX;
				GENERATE_INFOPLIST_FILE = YES;
				IPHONEOS_DEPLOYMENT_TARGET = 18.2;
				MARKETING_VERSION = 1.0;
				PRODUCT_BUNDLE_IDENTIFIER = com.jamesmcdonald.DicerollerTests;
				PRODUCT_NAME = "$(TARGET_NAME)";
				SWIFT_EMIT_LOC_STRINGS = NO;
				SWIFT_VERSION = 5.0;
				TARGETED_DEVICE_FAMILY = "1,2";
				TEST_HOST = "$(BUILT_PRODUCTS_DIR)/Diceroller.app/$(BUNDLE_EXECUTABLE_FOLDER_PATH)/Diceroller";
			};
			name = Debug;
		};
		1ACF8E192D7C870700626E97 /* Release */ = {
			isa = XCBuildConfiguration;
			buildSettings = {
				BUNDLE_LOADER = "$(TEST_HOST)";
				CODE_SIGN_STYLE = Automatic;
				CURRENT_PROJECT_VERSION = 1;
				DEVELOPMENT_TEAM = 89PR9JS5JX;
				GENERATE_INFOPLIST_FILE = YES;
				IPHONEOS_DEPLOYMENT_TARGET = 18.2;
				MARKETING_VERSION = 1.0;
				PRODUCT_BUNDLE_IDENTIFIER = com.jamesmcdonald.DicerollerTests;
				PRODUCT_NAME = "$(TARGET_NAME)";
				SWIFT_EMIT_LOC_STRINGS = NO;
				SWIFT_VERSION = 5.0;
				TARGETED_DEVICE_FAMILY = "1,2";
				TEST_HOST = "$(BUILT_PRODUCTS_DIR)/Diceroller.app/$(BUNDLE_EXECUTABLE_FOLDER_PATH)/Diceroller";
			};
			name = Release;
		};
		1ACF8E1B2D7C870700626E97 /* Debug */ = {
			isa = XCBuildConfiguration;
			buildSettings = {
				CODE_SIGN_STYLE = Automatic;
				CURRENT_PROJECT_VERSION = 1;
				DEVELOPMENT_TEAM = 89PR9JS5JX;
				GENERATE_INFOPLIST_FILE = YES;
				MARKETING_VERSION = 1.0;
				PRODUCT_BUNDLE_IDENTIFIER = com.jamesmcdonald.DicerollerUITests;
				PRODUCT_NAME = "$(TARGET_NAME)";
				SWIFT_EMIT_LOC_STRINGS = NO;
				SWIFT_VERSION = 5.0;
				TARGETED_DEVICE_FAMILY = "1,2";
				TEST_TARGET_NAME = Diceroller;
			};
			name = Debug;
		};
		1ACF8E1C2D7C870700626E97 /* Release */ = {
			isa = XCBuildConfiguration;
			buildSettings = {
				CODE_SIGN_STYLE = Automatic;
				CURRENT_PROJECT_VERSION = 1;
				DEVELOPMENT_TEAM = 89PR9JS5JX;
				GENERATE_INFOPLIST_FILE = YES;
				MARKETING_VERSION = 1.0;
				PRODUCT_BUNDLE_IDENTIFIER = com.jamesmcdonald.DicerollerUITests;
				PRODUCT_NAME = "$(TARGET_NAME)";
				SWIFT_EMIT_LOC_STRINGS = NO;
				SWIFT_VERSION = 5.0;
				TARGETED_DEVICE_FAMILY = "1,2";
				TEST_TARGET_NAME = Diceroller;
			};
			name = Release;
		};
		1ACF8E492D7CDD5600626E97 /* Debug */ = {
			isa = XCBuildConfiguration;
			buildSettings = {
				ASSETCATALOG_COMPILER_APPICON_NAME = AppIcon;
				ASSETCATALOG_COMPILER_GLOBAL_ACCENT_COLOR_NAME = AccentColor;
				CODE_SIGN_STYLE = Automatic;
				CURRENT_PROJECT_VERSION = 1;
				DEVELOPMENT_ASSET_PATHS = "\"Diceroller Watch Watch App/Preview Content\"";
				DEVELOPMENT_TEAM = 89PR9JS5JX;
				ENABLE_PREVIEWS = YES;
				GENERATE_INFOPLIST_FILE = YES;
				INFOPLIST_KEY_CFBundleDisplayName = "Diceroller Watch";
				INFOPLIST_KEY_UISupportedInterfaceOrientations = "UIInterfaceOrientationPortrait UIInterfaceOrientationPortraitUpsideDown";
				INFOPLIST_KEY_WKCompanionAppBundleIdentifier = com.jamesmcdonald.Diceroller;
				LD_RUNPATH_SEARCH_PATHS = (
					"$(inherited)",
					"@executable_path/Frameworks",
				);
				MARKETING_VERSION = 1.0;
				PRODUCT_BUNDLE_IDENTIFIER = com.jamesmcdonald.Diceroller.watchkitapp;
				PRODUCT_NAME = "$(TARGET_NAME)";
				SDKROOT = watchos;
				SKIP_INSTALL = YES;
				SWIFT_EMIT_LOC_STRINGS = YES;
				SWIFT_VERSION = 5.0;
				TARGETED_DEVICE_FAMILY = 4;
				WATCHOS_DEPLOYMENT_TARGET = 11.2;
			};
			name = Debug;
		};
		1ACF8E4A2D7CDD5600626E97 /* Release */ = {
			isa = XCBuildConfiguration;
			buildSettings = {
				ASSETCATALOG_COMPILER_APPICON_NAME = AppIcon;
				ASSETCATALOG_COMPILER_GLOBAL_ACCENT_COLOR_NAME = AccentColor;
				CODE_SIGN_STYLE = Automatic;
				CURRENT_PROJECT_VERSION = 1;
				DEVELOPMENT_ASSET_PATHS = "\"Diceroller Watch Watch App/Preview Content\"";
				DEVELOPMENT_TEAM = 89PR9JS5JX;
				ENABLE_PREVIEWS = YES;
				GENERATE_INFOPLIST_FILE = YES;
				INFOPLIST_KEY_CFBundleDisplayName = "Diceroller Watch";
				INFOPLIST_KEY_UISupportedInterfaceOrientations = "UIInterfaceOrientationPortrait UIInterfaceOrientationPortraitUpsideDown";
				INFOPLIST_KEY_WKCompanionAppBundleIdentifier = com.jamesmcdonald.Diceroller;
				LD_RUNPATH_SEARCH_PATHS = (
					"$(inherited)",
					"@executable_path/Frameworks",
				);
				MARKETING_VERSION = 1.0;
				PRODUCT_BUNDLE_IDENTIFIER = com.jamesmcdonald.Diceroller.watchkitapp;
				PRODUCT_NAME = "$(TARGET_NAME)";
				SDKROOT = watchos;
				SKIP_INSTALL = YES;
				SWIFT_EMIT_LOC_STRINGS = YES;
				SWIFT_VERSION = 5.0;
				TARGETED_DEVICE_FAMILY = 4;
				WATCHOS_DEPLOYMENT_TARGET = 11.2;
			};
			name = Release;
		};
		1ACF8E4D2D7CDD5600626E97 /* Debug */ = {
			isa = XCBuildConfiguration;
			buildSettings = {
				BUNDLE_LOADER = "$(TEST_HOST)";
				CODE_SIGN_STYLE = Automatic;
				CURRENT_PROJECT_VERSION = 1;
				DEVELOPMENT_TEAM = 89PR9JS5JX;
				GENERATE_INFOPLIST_FILE = YES;
				MARKETING_VERSION = 1.0;
				PRODUCT_BUNDLE_IDENTIFIER = "com.jamesmcdonald.Diceroller-Watch-Watch-AppTests";
				PRODUCT_NAME = "$(TARGET_NAME)";
				SDKROOT = watchos;
				SWIFT_EMIT_LOC_STRINGS = NO;
				SWIFT_VERSION = 5.0;
				TARGETED_DEVICE_FAMILY = 4;
				TEST_HOST = "$(BUILT_PRODUCTS_DIR)/Diceroller Watch Watch App.app/$(BUNDLE_EXECUTABLE_FOLDER_PATH)/Diceroller Watch Watch App";
				WATCHOS_DEPLOYMENT_TARGET = 11.2;
			};
			name = Debug;
		};
		1ACF8E4E2D7CDD5600626E97 /* Release */ = {
			isa = XCBuildConfiguration;
			buildSettings = {
				BUNDLE_LOADER = "$(TEST_HOST)";
				CODE_SIGN_STYLE = Automatic;
				CURRENT_PROJECT_VERSION = 1;
				DEVELOPMENT_TEAM = 89PR9JS5JX;
				GENERATE_INFOPLIST_FILE = YES;
				MARKETING_VERSION = 1.0;
				PRODUCT_BUNDLE_IDENTIFIER = "com.jamesmcdonald.Diceroller-Watch-Watch-AppTests";
				PRODUCT_NAME = "$(TARGET_NAME)";
				SDKROOT = watchos;
				SWIFT_EMIT_LOC_STRINGS = NO;
				SWIFT_VERSION = 5.0;
				TARGETED_DEVICE_FAMILY = 4;
				TEST_HOST = "$(BUILT_PRODUCTS_DIR)/Diceroller Watch Watch App.app/$(BUNDLE_EXECUTABLE_FOLDER_PATH)/Diceroller Watch Watch App";
				WATCHOS_DEPLOYMENT_TARGET = 11.2;
			};
			name = Release;
		};
		1ACF8E502D7CDD5600626E97 /* Debug */ = {
			isa = XCBuildConfiguration;
			buildSettings = {
				CODE_SIGN_STYLE = Automatic;
				CURRENT_PROJECT_VERSION = 1;
				DEVELOPMENT_TEAM = 89PR9JS5JX;
				GENERATE_INFOPLIST_FILE = YES;
				MARKETING_VERSION = 1.0;
				PRODUCT_BUNDLE_IDENTIFIER = "com.jamesmcdonald.Diceroller-Watch-Watch-AppUITests";
				PRODUCT_NAME = "$(TARGET_NAME)";
				SDKROOT = watchos;
				SWIFT_EMIT_LOC_STRINGS = NO;
				SWIFT_VERSION = 5.0;
				TARGETED_DEVICE_FAMILY = 4;
				TEST_TARGET_NAME = "Diceroller Watch Watch App";
				WATCHOS_DEPLOYMENT_TARGET = 11.2;
			};
			name = Debug;
		};
		1ACF8E512D7CDD5600626E97 /* Release */ = {
			isa = XCBuildConfiguration;
			buildSettings = {
				CODE_SIGN_STYLE = Automatic;
				CURRENT_PROJECT_VERSION = 1;
				DEVELOPMENT_TEAM = 89PR9JS5JX;
				GENERATE_INFOPLIST_FILE = YES;
				MARKETING_VERSION = 1.0;
				PRODUCT_BUNDLE_IDENTIFIER = "com.jamesmcdonald.Diceroller-Watch-Watch-AppUITests";
				PRODUCT_NAME = "$(TARGET_NAME)";
				SDKROOT = watchos;
				SWIFT_EMIT_LOC_STRINGS = NO;
				SWIFT_VERSION = 5.0;
				TARGETED_DEVICE_FAMILY = 4;
				TEST_TARGET_NAME = "Diceroller Watch Watch App";
				WATCHOS_DEPLOYMENT_TARGET = 11.2;
			};
			name = Release;
		};
/* End XCBuildConfiguration section */

/* Begin XCConfigurationList section */
		1ACF8DEB2D7C870500626E97 /* Build configuration list for PBXProject "Diceroller" */ = {
			isa = XCConfigurationList;
			buildConfigurations = (
				1ACF8E122D7C870700626E97 /* Debug */,
				1ACF8E132D7C870700626E97 /* Release */,
			);
			defaultConfigurationIsVisible = 0;
			defaultConfigurationName = Release;
		};
		1ACF8E142D7C870700626E97 /* Build configuration list for PBXNativeTarget "Diceroller" */ = {
			isa = XCConfigurationList;
			buildConfigurations = (
				1ACF8E152D7C870700626E97 /* Debug */,
				1ACF8E162D7C870700626E97 /* Release */,
			);
			defaultConfigurationIsVisible = 0;
			defaultConfigurationName = Release;
		};
		1ACF8E172D7C870700626E97 /* Build configuration list for PBXNativeTarget "DicerollerTests" */ = {
			isa = XCConfigurationList;
			buildConfigurations = (
				1ACF8E182D7C870700626E97 /* Debug */,
				1ACF8E192D7C870700626E97 /* Release */,
			);
			defaultConfigurationIsVisible = 0;
			defaultConfigurationName = Release;
		};
		1ACF8E1A2D7C870700626E97 /* Build configuration list for PBXNativeTarget "DicerollerUITests" */ = {
			isa = XCConfigurationList;
			buildConfigurations = (
				1ACF8E1B2D7C870700626E97 /* Debug */,
				1ACF8E1C2D7C870700626E97 /* Release */,
			);
			defaultConfigurationIsVisible = 0;
			defaultConfigurationName = Release;
		};
		1ACF8E482D7CDD5600626E97 /* Build configuration list for PBXNativeTarget "Diceroller Watch Watch App" */ = {
			isa = XCConfigurationList;
			buildConfigurations = (
				1ACF8E492D7CDD5600626E97 /* Debug */,
				1ACF8E4A2D7CDD5600626E97 /* Release */,
			);
			defaultConfigurationIsVisible = 0;
			defaultConfigurationName = Release;
		};
		1ACF8E4C2D7CDD5600626E97 /* Build configuration list for PBXNativeTarget "Diceroller Watch Watch AppTests" */ = {
			isa = XCConfigurationList;
			buildConfigurations = (
				1ACF8E4D2D7CDD5600626E97 /* Debug */,
				1ACF8E4E2D7CDD5600626E97 /* Release */,
			);
			defaultConfigurationIsVisible = 0;
			defaultConfigurationName = Release;
		};
		1ACF8E4F2D7CDD5600626E97 /* Build configuration list for PBXNativeTarget "Diceroller Watch Watch AppUITests" */ = {
			isa = XCConfigurationList;
			buildConfigurations = (
				1ACF8E502D7CDD5600626E97 /* Debug */,
				1ACF8E512D7CDD5600626E97 /* Release */,
			);
			defaultConfigurationIsVisible = 0;
			defaultConfigurationName = Release;
		};
/* End XCConfigurationList section */
	};
	rootObject = 1ACF8DE82D7C870500626E97 /* Project object */;
}
